
Microsoft Visual Studio Solution File, Format Version 12.00
# Visual Studio Version 16
VisualStudioVersion = 16.0.29613.14
MinimumVisualStudioVersion = 10.0.40219.1
Project("{FAE04EC0-301F-11D3-BF4B-00C04F79EFBC}") = "WindowsFormsApp2", "WindowsFormsApp2\WindowsFormsApp2.csproj", "{F8C35CAE-00E2-433E-8487-2E2A67096F71}"
EndProject
Global
	GlobalSection(SolutionConfigurationPlatforms) = preSolution
		Debug|Any CPU = Debug|Any CPU
		Release|Any CPU = Release|Any CPU
	EndGlobalSection
	GlobalSection(ProjectConfigurationPlatforms) = postSolution
		{F8C35CAE-00E2-433E-8487-2E2A67096F71}.Debug|Any CPU.ActiveCfg = Debug|Any CPU
		{F8C35CAE-00E2-433E-8487-2E2A67096F71}.Debug|Any CPU.Build.0 = Debug|Any CPU
		{F8C35CAE-00E2-433E-8487-2E2A67096F71}.Release|Any CPU.ActiveCfg = Release|Any CPU
		{F8C35CAE-00E2-433E-8487-2E2A67096F71}.Release|Any CPU.Build.0 = Release|Any CPU
	EndGlobalSection
	GlobalSection(SolutionProperties) = preSolution
		HideSolutionNode = FALSE
	EndGlobalSection
	GlobalSection(ExtensibilityGlobals) = postSolution
		SolutionGuid = {A5B7BB10-2646-4034-AAAC-5832088C6A42}
	EndGlobalSection
EndGlobal
